
Microsoft Visual Studio Solution File, Format Version 12.00
# Visual Studio Version 17
VisualStudioVersion = 17.11.35431.28
MinimumVisualStudioVersion = 10.0.40219.1
Project("{FAE04EC0-301F-11D3-BF4B-00C04F79EFBC}") = "CSharp.ExtensionMethods", "CSharp.ExtensionMethods.csproj", "{AEB579A6-9E7E-4A92-9419-0B2E5E211B50}"
EndProject
Project("{FAE04EC0-301F-11D3-BF4B-00C04F79EFBC}") = "CSharp.ExtensionMethods.Tests", "..\CSharp.ExtensionMethods.Tests\CSharp.ExtensionMethods.Tests.csproj", "{42B15596-F89B-420E-AE87-082C0C4B12B1}"
EndProject
Global
	GlobalSection(SolutionConfigurationPlatforms) = preSolution
		Debug|Any CPU = Debug|Any CPU
		Release|Any CPU = Release|Any CPU
	EndGlobalSection
	GlobalSection(ProjectConfigurationPlatforms) = postSolution
		{AEB579A6-9E7E-4A92-9419-0B2E5E211B50}.Debug|Any CPU.ActiveCfg = Debug|Any CPU
		{AEB579A6-9E7E-4A92-9419-0B2E5E211B50}.Debug|Any CPU.Build.0 = Debug|Any CPU
		{AEB579A6-9E7E-4A92-9419-0B2E5E211B50}.Release|Any CPU.ActiveCfg = Release|Any CPU
		{AEB579A6-9E7E-4A92-9419-0B2E5E211B50}.Release|Any CPU.Build.0 = Release|Any CPU
		{42B15596-F89B-420E-AE87-082C0C4B12B1}.Debug|Any CPU.ActiveCfg = Debug|Any CPU
		{42B15596-F89B-420E-AE87-082C0C4B12B1}.Debug|Any CPU.Build.0 = Debug|Any CPU
		{42B15596-F89B-420E-AE87-082C0C4B12B1}.Release|Any CPU.ActiveCfg = Release|Any CPU
		{42B15596-F89B-420E-AE87-082C0C4B12B1}.Release|Any CPU.Build.0 = Release|Any CPU
	EndGlobalSection
	GlobalSection(SolutionProperties) = preSolution
		HideSolutionNode = FALSE
	EndGlobalSection
	GlobalSection(ExtensibilityGlobals) = postSolution
		SolutionGuid = {A73E9C98-2E35-4A8E-BB8D-7E1E5890C443}
	EndGlobalSection
EndGlobal
