
Microsoft Visual Studio Solution File, Format Version 12.00
# Visual Studio Version 17
VisualStudioVersion = 17.11.35431.28
MinimumVisualStudioVersion = 10.0.40219.1
Project("{FAE04EC0-301F-11D3-BF4B-00C04F79EFBC}") = "Weather.WebApi", "Weather.WebApi.csproj", "{7DCA7562-D408-4F10-B3B7-91EDDEEAC8B8}"
EndProject
Global
	GlobalSection(SolutionConfigurationPlatforms) = preSolution
		Debug|Any CPU = Debug|Any CPU
		Release|Any CPU = Release|Any CPU
	EndGlobalSection
	GlobalSection(ProjectConfigurationPlatforms) = postSolution
		{7DCA7562-D408-4F10-B3B7-91EDDEEAC8B8}.Debug|Any CPU.ActiveCfg = Debug|Any CPU
		{7DCA7562-D408-4F10-B3B7-91EDDEEAC8B8}.Debug|Any CPU.Build.0 = Debug|Any CPU
		{7DCA7562-D408-4F10-B3B7-91EDDEEAC8B8}.Release|Any CPU.ActiveCfg = Release|Any CPU
		{7DCA7562-D408-4F10-B3B7-91EDDEEAC8B8}.Release|Any CPU.Build.0 = Release|Any CPU
	EndGlobalSection
	GlobalSection(SolutionProperties) = preSolution
		HideSolutionNode = FALSE
	EndGlobalSection
	GlobalSection(ExtensibilityGlobals) = postSolution
		SolutionGuid = {15D4860E-445C-4161-A510-CB3DE2976516}
	EndGlobalSection
EndGlobal
